
Microsoft Visual Studio Solution File, Format Version 12.00
# Visual Studio 15
VisualStudioVersion = 15.0.28307.1000
MinimumVisualStudioVersion = 10.0.40219.1
Project("{FAE04EC0-301F-11D3-BF4B-00C04F79EFBC}") = "MapWizard", "MapWizard\MapWizard.csproj", "{E0539959-14D6-4BDA-A910-9DFD1DDA2E62}"
	ProjectSection(ProjectDependencies) = postProject
		{607A5143-E350-4F5A-B65B-06126DACF9A0} = {607A5143-E350-4F5A-B65B-06126DACF9A0}
	EndProjectSection
EndProject
Project("{FAE04EC0-301F-11D3-BF4B-00C04F79EFBC}") = "Tools", "Tools\Tools.csproj", "{607A5143-E350-4F5A-B65B-06126DACF9A0}"
EndProject
Project("{FAE04EC0-301F-11D3-BF4B-00C04F79EFBC}") = "Tests", "ToolsTests\Tests.csproj", "{89C5141C-2D8E-4B5D-A1E0-8C8C22BE8ED2}"
EndProject
Project("{54435603-DBB4-11D2-8724-00A0C9A8B90C}") = "MapWizardSetup", "MapWizardSetup\MapWizardSetup.vdproj", "{A73F2BBF-5435-4F7C-A24E-8E0EB8B80EF3}"
EndProject
Global
	GlobalSection(SolutionConfigurationPlatforms) = preSolution
		CD_ROM|Any CPU = CD_ROM|Any CPU
		CD_ROM|ARM = CD_ROM|ARM
		CD_ROM|x64 = CD_ROM|x64
		CD_ROM|x86 = CD_ROM|x86
		Debug|Any CPU = Debug|Any CPU
		Debug|ARM = Debug|ARM
		Debug|x64 = Debug|x64
		Debug|x86 = Debug|x86
		DVD-5|Any CPU = DVD-5|Any CPU
		DVD-5|ARM = DVD-5|ARM
		DVD-5|x64 = DVD-5|x64
		DVD-5|x86 = DVD-5|x86
		Release|Any CPU = Release|Any CPU
		Release|ARM = Release|ARM
		Release|x64 = Release|x64
		Release|x86 = Release|x86
		SingleImage|Any CPU = SingleImage|Any CPU
		SingleImage|ARM = SingleImage|ARM
		SingleImage|x64 = SingleImage|x64
		SingleImage|x86 = SingleImage|x86
	EndGlobalSection
	GlobalSection(ProjectConfigurationPlatforms) = postSolution
		{E0539959-14D6-4BDA-A910-9DFD1DDA2E62}.CD_ROM|Any CPU.ActiveCfg = Release|Any CPU
		{E0539959-14D6-4BDA-A910-9DFD1DDA2E62}.CD_ROM|ARM.ActiveCfg = Release|Any CPU
		{E0539959-14D6-4BDA-A910-9DFD1DDA2E62}.CD_ROM|x64.ActiveCfg = Release|Any CPU
		{E0539959-14D6-4BDA-A910-9DFD1DDA2E62}.CD_ROM|x86.ActiveCfg = Release|Any CPU
		{E0539959-14D6-4BDA-A910-9DFD1DDA2E62}.Debug|Any CPU.ActiveCfg = Debug|Any CPU
		{E0539959-14D6-4BDA-A910-9DFD1DDA2E62}.Debug|Any CPU.Build.0 = Debug|Any CPU
		{E0539959-14D6-4BDA-A910-9DFD1DDA2E62}.Debug|ARM.ActiveCfg = Debug|Any CPU
		{E0539959-14D6-4BDA-A910-9DFD1DDA2E62}.Debug|ARM.Build.0 = Debug|Any CPU
		{E0539959-14D6-4BDA-A910-9DFD1DDA2E62}.Debug|x64.ActiveCfg = Debug|Any CPU
		{E0539959-14D6-4BDA-A910-9DFD1DDA2E62}.Debug|x64.Build.0 = Debug|Any CPU
		{E0539959-14D6-4BDA-A910-9DFD1DDA2E62}.Debug|x86.ActiveCfg = Debug|Any CPU
		{E0539959-14D6-4BDA-A910-9DFD1DDA2E62}.Debug|x86.Build.0 = Debug|Any CPU
		{E0539959-14D6-4BDA-A910-9DFD1DDA2E62}.DVD-5|Any CPU.ActiveCfg = Debug|Any CPU
		{E0539959-14D6-4BDA-A910-9DFD1DDA2E62}.DVD-5|ARM.ActiveCfg = Debug|Any CPU
		{E0539959-14D6-4BDA-A910-9DFD1DDA2E62}.DVD-5|x64.ActiveCfg = Debug|Any CPU
		{E0539959-14D6-4BDA-A910-9DFD1DDA2E62}.DVD-5|x86.ActiveCfg = Debug|Any CPU
		{E0539959-14D6-4BDA-A910-9DFD1DDA2E62}.Release|Any CPU.ActiveCfg = Release|Any CPU
		{E0539959-14D6-4BDA-A910-9DFD1DDA2E62}.Release|Any CPU.Build.0 = Release|Any CPU
		{E0539959-14D6-4BDA-A910-9DFD1DDA2E62}.Release|ARM.ActiveCfg = Release|Any CPU
		{E0539959-14D6-4BDA-A910-9DFD1DDA2E62}.Release|ARM.Build.0 = Release|Any CPU
		{E0539959-14D6-4BDA-A910-9DFD1DDA2E62}.Release|x64.ActiveCfg = Release|Any CPU
		{E0539959-14D6-4BDA-A910-9DFD1DDA2E62}.Release|x64.Build.0 = Release|Any CPU
		{E0539959-14D6-4BDA-A910-9DFD1DDA2E62}.Release|x86.ActiveCfg = Release|Any CPU
		{E0539959-14D6-4BDA-A910-9DFD1DDA2E62}.Release|x86.Build.0 = Release|Any CPU
		{E0539959-14D6-4BDA-A910-9DFD1DDA2E62}.SingleImage|Any CPU.ActiveCfg = Release|Any CPU
		{E0539959-14D6-4BDA-A910-9DFD1DDA2E62}.SingleImage|ARM.ActiveCfg = Release|Any CPU
		{E0539959-14D6-4BDA-A910-9DFD1DDA2E62}.SingleImage|x64.ActiveCfg = Release|Any CPU
		{E0539959-14D6-4BDA-A910-9DFD1DDA2E62}.SingleImage|x86.ActiveCfg = Release|Any CPU
		{607A5143-E350-4F5A-B65B-06126DACF9A0}.CD_ROM|Any CPU.ActiveCfg = Release|Any CPU
		{607A5143-E350-4F5A-B65B-06126DACF9A0}.CD_ROM|Any CPU.Build.0 = Release|Any CPU
		{607A5143-E350-4F5A-B65B-06126DACF9A0}.CD_ROM|ARM.ActiveCfg = Release|Any CPU
		{607A5143-E350-4F5A-B65B-06126DACF9A0}.CD_ROM|ARM.Build.0 = Release|Any CPU
		{607A5143-E350-4F5A-B65B-06126DACF9A0}.CD_ROM|x64.ActiveCfg = Release|Any CPU
		{607A5143-E350-4F5A-B65B-06126DACF9A0}.CD_ROM|x64.Build.0 = Release|Any CPU
		{607A5143-E350-4F5A-B65B-06126DACF9A0}.CD_ROM|x86.ActiveCfg = Release|Any CPU
		{607A5143-E350-4F5A-B65B-06126DACF9A0}.CD_ROM|x86.Build.0 = Release|Any CPU
		{607A5143-E350-4F5A-B65B-06126DACF9A0}.Debug|Any CPU.ActiveCfg = Debug|Any CPU
		{607A5143-E350-4F5A-B65B-06126DACF9A0}.Debug|Any CPU.Build.0 = Debug|Any CPU
		{607A5143-E350-4F5A-B65B-06126DACF9A0}.Debug|ARM.ActiveCfg = Debug|Any CPU
		{607A5143-E350-4F5A-B65B-06126DACF9A0}.Debug|ARM.Build.0 = Debug|Any CPU
		{607A5143-E350-4F5A-B65B-06126DACF9A0}.Debug|x64.ActiveCfg = Debug|Any CPU
		{607A5143-E350-4F5A-B65B-06126DACF9A0}.Debug|x64.Build.0 = Debug|Any CPU
		{607A5143-E350-4F5A-B65B-06126DACF9A0}.Debug|x86.ActiveCfg = Debug|Any CPU
		{607A5143-E350-4F5A-B65B-06126DACF9A0}.Debug|x86.Build.0 = Debug|Any CPU
		{607A5143-E350-4F5A-B65B-06126DACF9A0}.DVD-5|Any CPU.ActiveCfg = Debug|Any CPU
		{607A5143-E350-4F5A-B65B-06126DACF9A0}.DVD-5|Any CPU.Build.0 = Debug|Any CPU
		{607A5143-E350-4F5A-B65B-06126DACF9A0}.DVD-5|ARM.ActiveCfg = Debug|Any CPU
		{607A5143-E350-4F5A-B65B-06126DACF9A0}.DVD-5|ARM.Build.0 = Debug|Any CPU
		{607A5143-E350-4F5A-B65B-06126DACF9A0}.DVD-5|x64.ActiveCfg = Debug|Any CPU
		{607A5143-E350-4F5A-B65B-06126DACF9A0}.DVD-5|x64.Build.0 = Debug|Any CPU
		{607A5143-E350-4F5A-B65B-06126DACF9A0}.DVD-5|x86.ActiveCfg = Debug|Any CPU
		{607A5143-E350-4F5A-B65B-06126DACF9A0}.DVD-5|x86.Build.0 = Debug|Any CPU
		{607A5143-E350-4F5A-B65B-06126DACF9A0}.Release|Any CPU.ActiveCfg = Release|Any CPU
		{607A5143-E350-4F5A-B65B-06126DACF9A0}.Release|Any CPU.Build.0 = Release|Any CPU
		{607A5143-E350-4F5A-B65B-06126DACF9A0}.Release|ARM.ActiveCfg = Release|Any CPU
		{607A5143-E350-4F5A-B65B-06126DACF9A0}.Release|ARM.Build.0 = Release|Any CPU
		{607A5143-E350-4F5A-B65B-06126DACF9A0}.Release|x64.ActiveCfg = Release|Any CPU
		{607A5143-E350-4F5A-B65B-06126DACF9A0}.Release|x64.Build.0 = Release|Any CPU
		{607A5143-E350-4F5A-B65B-06126DACF9A0}.Release|x86.ActiveCfg = Release|Any CPU
		{607A5143-E350-4F5A-B65B-06126DACF9A0}.Release|x86.Build.0 = Release|Any CPU
		{607A5143-E350-4F5A-B65B-06126DACF9A0}.SingleImage|Any CPU.ActiveCfg = Release|Any CPU
		{607A5143-E350-4F5A-B65B-06126DACF9A0}.SingleImage|Any CPU.Build.0 = Release|Any CPU
		{607A5143-E350-4F5A-B65B-06126DACF9A0}.SingleImage|ARM.ActiveCfg = Release|Any CPU
		{607A5143-E350-4F5A-B65B-06126DACF9A0}.SingleImage|ARM.Build.0 = Release|Any CPU
		{607A5143-E350-4F5A-B65B-06126DACF9A0}.SingleImage|x64.ActiveCfg = Release|Any CPU
		{607A5143-E350-4F5A-B65B-06126DACF9A0}.SingleImage|x64.Build.0 = Release|Any CPU
		{607A5143-E350-4F5A-B65B-06126DACF9A0}.SingleImage|x86.ActiveCfg = Release|Any CPU
		{607A5143-E350-4F5A-B65B-06126DACF9A0}.SingleImage|x86.Build.0 = Release|Any CPU
		{89C5141C-2D8E-4B5D-A1E0-8C8C22BE8ED2}.CD_ROM|Any CPU.ActiveCfg = Release|Any CPU
		{89C5141C-2D8E-4B5D-A1E0-8C8C22BE8ED2}.CD_ROM|ARM.ActiveCfg = Release|Any CPU
		{89C5141C-2D8E-4B5D-A1E0-8C8C22BE8ED2}.CD_ROM|x64.ActiveCfg = Release|Any CPU
		{89C5141C-2D8E-4B5D-A1E0-8C8C22BE8ED2}.CD_ROM|x86.ActiveCfg = Release|Any CPU
		{89C5141C-2D8E-4B5D-A1E0-8C8C22BE8ED2}.Debug|Any CPU.ActiveCfg = Debug|Any CPU
		{89C5141C-2D8E-4B5D-A1E0-8C8C22BE8ED2}.Debug|Any CPU.Build.0 = Debug|Any CPU
		{89C5141C-2D8E-4B5D-A1E0-8C8C22BE8ED2}.Debug|ARM.ActiveCfg = Debug|Any CPU
		{89C5141C-2D8E-4B5D-A1E0-8C8C22BE8ED2}.Debug|ARM.Build.0 = Debug|Any CPU
		{89C5141C-2D8E-4B5D-A1E0-8C8C22BE8ED2}.Debug|x64.ActiveCfg = Debug|Any CPU
		{89C5141C-2D8E-4B5D-A1E0-8C8C22BE8ED2}.Debug|x64.Build.0 = Debug|Any CPU
		{89C5141C-2D8E-4B5D-A1E0-8C8C22BE8ED2}.Debug|x86.ActiveCfg = Debug|Any CPU
		{89C5141C-2D8E-4B5D-A1E0-8C8C22BE8ED2}.Debug|x86.Build.0 = Debug|Any CPU
		{89C5141C-2D8E-4B5D-A1E0-8C8C22BE8ED2}.DVD-5|Any CPU.ActiveCfg = Debug|Any CPU
		{89C5141C-2D8E-4B5D-A1E0-8C8C22BE8ED2}.DVD-5|ARM.ActiveCfg = Debug|Any CPU
		{89C5141C-2D8E-4B5D-A1E0-8C8C22BE8ED2}.DVD-5|x64.ActiveCfg = Debug|Any CPU
		{89C5141C-2D8E-4B5D-A1E0-8C8C22BE8ED2}.DVD-5|x86.ActiveCfg = Debug|Any CPU
		{89C5141C-2D8E-4B5D-A1E0-8C8C22BE8ED2}.Release|Any CPU.ActiveCfg = Release|Any CPU
		{89C5141C-2D8E-4B5D-A1E0-8C8C22BE8ED2}.Release|Any CPU.Build.0 = Release|Any CPU
		{89C5141C-2D8E-4B5D-A1E0-8C8C22BE8ED2}.Release|ARM.ActiveCfg = Release|Any CPU
		{89C5141C-2D8E-4B5D-A1E0-8C8C22BE8ED2}.Release|ARM.Build.0 = Release|Any CPU
		{89C5141C-2D8E-4B5D-A1E0-8C8C22BE8ED2}.Release|x64.ActiveCfg = Release|Any CPU
		{89C5141C-2D8E-4B5D-A1E0-8C8C22BE8ED2}.Release|x64.Build.0 = Release|Any CPU
		{89C5141C-2D8E-4B5D-A1E0-8C8C22BE8ED2}.Release|x86.ActiveCfg = Release|Any CPU
		{89C5141C-2D8E-4B5D-A1E0-8C8C22BE8ED2}.Release|x86.Build.0 = Release|Any CPU
		{89C5141C-2D8E-4B5D-A1E0-8C8C22BE8ED2}.SingleImage|Any CPU.ActiveCfg = Release|Any CPU
		{89C5141C-2D8E-4B5D-A1E0-8C8C22BE8ED2}.SingleImage|ARM.ActiveCfg = Release|Any CPU
		{89C5141C-2D8E-4B5D-A1E0-8C8C22BE8ED2}.SingleImage|x64.ActiveCfg = Release|Any CPU
		{89C5141C-2D8E-4B5D-A1E0-8C8C22BE8ED2}.SingleImage|x86.ActiveCfg = Release|Any CPU
		{A73F2BBF-5435-4F7C-A24E-8E0EB8B80EF3}.CD_ROM|Any CPU.ActiveCfg = Release
		{A73F2BBF-5435-4F7C-A24E-8E0EB8B80EF3}.CD_ROM|ARM.ActiveCfg = Release
		{A73F2BBF-5435-4F7C-A24E-8E0EB8B80EF3}.CD_ROM|x64.ActiveCfg = Release
		{A73F2BBF-5435-4F7C-A24E-8E0EB8B80EF3}.CD_ROM|x86.ActiveCfg = Release
		{A73F2BBF-5435-4F7C-A24E-8E0EB8B80EF3}.Debug|Any CPU.ActiveCfg = Debug
		{A73F2BBF-5435-4F7C-A24E-8E0EB8B80EF3}.Debug|ARM.ActiveCfg = Debug
		{A73F2BBF-5435-4F7C-A24E-8E0EB8B80EF3}.Debug|x64.ActiveCfg = Debug
		{A73F2BBF-5435-4F7C-A24E-8E0EB8B80EF3}.Debug|x86.ActiveCfg = Debug
		{A73F2BBF-5435-4F7C-A24E-8E0EB8B80EF3}.DVD-5|Any CPU.ActiveCfg = Debug
		{A73F2BBF-5435-4F7C-A24E-8E0EB8B80EF3}.DVD-5|ARM.ActiveCfg = Debug
		{A73F2BBF-5435-4F7C-A24E-8E0EB8B80EF3}.DVD-5|x64.ActiveCfg = Debug
		{A73F2BBF-5435-4F7C-A24E-8E0EB8B80EF3}.DVD-5|x86.ActiveCfg = Debug
		{A73F2BBF-5435-4F7C-A24E-8E0EB8B80EF3}.Release|Any CPU.ActiveCfg = Release
		{A73F2BBF-5435-4F7C-A24E-8E0EB8B80EF3}.Release|ARM.ActiveCfg = Release
		{A73F2BBF-5435-4F7C-A24E-8E0EB8B80EF3}.Release|x64.ActiveCfg = Release
		{A73F2BBF-5435-4F7C-A24E-8E0EB8B80EF3}.Release|x86.ActiveCfg = Release
		{A73F2BBF-5435-4F7C-A24E-8E0EB8B80EF3}.SingleImage|Any CPU.ActiveCfg = Release
		{A73F2BBF-5435-4F7C-A24E-8E0EB8B80EF3}.SingleImage|ARM.ActiveCfg = Release
		{A73F2BBF-5435-4F7C-A24E-8E0EB8B80EF3}.SingleImage|x64.ActiveCfg = Release
		{A73F2BBF-5435-4F7C-A24E-8E0EB8B80EF3}.SingleImage|x86.ActiveCfg = Release
	EndGlobalSection
	GlobalSection(SolutionProperties) = preSolution
		HideSolutionNode = FALSE
	EndGlobalSection
	GlobalSection(ExtensibilityGlobals) = postSolution
		SolutionGuid = {1F585604-2F8B-4217-BA54-084AE47309E4}
	EndGlobalSection
EndGlobal
